// !$*UTF8*$!
{
	archiveVersion = 1;
	classes = {
	};
	objectVersion = 56;
	objects = {

/* Begin PBXBuildFile section */
		A547E2562ACDAE2D008EA635 /* AfricaApp.swift in Sources */ = {isa = PBXBuildFile; fileRef = A547E2552ACDAE2D008EA635 /* AfricaApp.swift */; };
		A547E2582ACDAE2D008EA635 /* ContentView.swift in Sources */ = {isa = PBXBuildFile; fileRef = A547E2572ACDAE2D008EA635 /* ContentView.swift */; };
		A547E25A2ACDAE30008EA635 /* Assets.xcassets in Resources */ = {isa = PBXBuildFile; fileRef = A547E2592ACDAE30008EA635 /* Assets.xcassets */; };
		A547E25D2ACDAE30008EA635 /* Preview Assets.xcassets in Resources */ = {isa = PBXBuildFile; fileRef = A547E25C2ACDAE30008EA635 /* Preview Assets.xcassets */; };
		A547E2732ACDD854008EA635 /* covers.json in Resources */ = {isa = PBXBuildFile; fileRef = A547E26F2ACDD854008EA635 /* covers.json */; };
		A547E2742ACDD854008EA635 /* videos.json in Resources */ = {isa = PBXBuildFile; fileRef = A547E2702ACDD854008EA635 /* videos.json */; };
		A547E2752ACDD854008EA635 /* animals.json in Resources */ = {isa = PBXBuildFile; fileRef = A547E2712ACDD854008EA635 /* animals.json */; };
		A547E2762ACDD854008EA635 /* locations.json in Resources */ = {isa = PBXBuildFile; fileRef = A547E2722ACDD854008EA635 /* locations.json */; };
		A547E27B2ACDDAD9008EA635 /* VideoListView.swift in Sources */ = {isa = PBXBuildFile; fileRef = A547E27A2ACDDAD9008EA635 /* VideoListView.swift */; };
		A547E27D2ACDDAF8008EA635 /* MapView.swift in Sources */ = {isa = PBXBuildFile; fileRef = A547E27C2ACDDAF8008EA635 /* MapView.swift */; };
		A547E27F2ACDDB13008EA635 /* GalleryView.swift in Sources */ = {isa = PBXBuildFile; fileRef = A547E27E2ACDDB13008EA635 /* GalleryView.swift */; };
		A547E2812ACDDB42008EA635 /* MainView.swift in Sources */ = {isa = PBXBuildFile; fileRef = A547E2802ACDDB42008EA635 /* MainView.swift */; };
		A547E2842ACDDE27008EA635 /* CoverView.swift in Sources */ = {isa = PBXBuildFile; fileRef = A547E2832ACDDE27008EA635 /* CoverView.swift */; };
		A547E2872ACDE1D7008EA635 /* CoverImageModel.swift in Sources */ = {isa = PBXBuildFile; fileRef = A547E2862ACDE1D7008EA635 /* CoverImageModel.swift */; };
		A547E28A2ACDE33E008EA635 /* CodableBundelExtection.swift in Sources */ = {isa = PBXBuildFile; fileRef = A547E2892ACDE33E008EA635 /* CodableBundelExtection.swift */; };
		A547E28C2ACDEC31008EA635 /* AnimalListView.swift in Sources */ = {isa = PBXBuildFile; fileRef = A547E28B2ACDEC31008EA635 /* AnimalListView.swift */; };
		A547E28E2ACFDFE5008EA635 /* AnimalListModel.swift in Sources */ = {isa = PBXBuildFile; fileRef = A547E28D2ACFDFE5008EA635 /* AnimalListModel.swift */; };
		A547E2902ACFF325008EA635 /* AnimalDetailView.swift in Sources */ = {isa = PBXBuildFile; fileRef = A547E28F2ACFF325008EA635 /* AnimalDetailView.swift */; };
		A547E2922AD00732008EA635 /* HeadingView.swift in Sources */ = {isa = PBXBuildFile; fileRef = A547E2912AD00732008EA635 /* HeadingView.swift */; };
		A547E2942AD00A77008EA635 /* ImageViewGallaryView.swift in Sources */ = {isa = PBXBuildFile; fileRef = A547E2932AD00A77008EA635 /* ImageViewGallaryView.swift */; };
		A547E2962AD058CA008EA635 /* InsetFactView.swift in Sources */ = {isa = PBXBuildFile; fileRef = A547E2952AD058CA008EA635 /* InsetFactView.swift */; };
		A547E2982AD05E0F008EA635 /* InsetMapView.swift in Sources */ = {isa = PBXBuildFile; fileRef = A547E2972AD05E0F008EA635 /* InsetMapView.swift */; };
		A547E29A2AD062D9008EA635 /* ExternalWebView.swift in Sources */ = {isa = PBXBuildFile; fileRef = A547E2992AD062D9008EA635 /* ExternalWebView.swift */; };
		A547E29E2AD3D4EA008EA635 /* Video.swift in Sources */ = {isa = PBXBuildFile; fileRef = A547E29D2AD3D4EA008EA635 /* Video.swift */; };
		A547E2A02AD3D575008EA635 /* VideoListItem.swift in Sources */ = {isa = PBXBuildFile; fileRef = A547E29F2AD3D575008EA635 /* VideoListItem.swift */; };
		A547E2A22AD3E0C6008EA635 /* VideoPlayerView.swift in Sources */ = {isa = PBXBuildFile; fileRef = A547E2A12AD3E0C6008EA635 /* VideoPlayerView.swift */; };
		A547E2A52AD3E29C008EA635 /* VideoPlayerHelper.swift in Sources */ = {isa = PBXBuildFile; fileRef = A547E2A42AD3E29B008EA635 /* VideoPlayerHelper.swift */; };
		A547E2B12AD52B36008EA635 /* giraffe.mp4 in Resources */ = {isa = PBXBuildFile; fileRef = A547E2A72AD52B36008EA635 /* giraffe.mp4 */; };
		A547E2B22AD52B36008EA635 /* ostrich.mp4 in Resources */ = {isa = PBXBuildFile; fileRef = A547E2A82AD52B36008EA635 /* ostrich.mp4 */; };
		A547E2B32AD52B36008EA635 /* zebra.mp4 in Resources */ = {isa = PBXBuildFile; fileRef = A547E2A92AD52B36008EA635 /* zebra.mp4 */; };
		A547E2B42AD52B36008EA635 /* hippo.mp4 in Resources */ = {isa = PBXBuildFile; fileRef = A547E2AA2AD52B36008EA635 /* hippo.mp4 */; };
		A547E2B52AD52B36008EA635 /* cheetah.mp4 in Resources */ = {isa = PBXBuildFile; fileRef = A547E2AB2AD52B36008EA635 /* cheetah.mp4 */; };
		A547E2B62AD52B36008EA635 /* gorilla.mp4 in Resources */ = {isa = PBXBuildFile; fileRef = A547E2AC2AD52B36008EA635 /* gorilla.mp4 */; };
		A547E2B72AD52B36008EA635 /* elephant.mp4 in Resources */ = {isa = PBXBuildFile; fileRef = A547E2AD2AD52B36008EA635 /* elephant.mp4 */; };
		A547E2B82AD52B36008EA635 /* lioness.mp4 in Resources */ = {isa = PBXBuildFile; fileRef = A547E2AE2AD52B36008EA635 /* lioness.mp4 */; };
		A547E2B92AD52B36008EA635 /* lion.mp4 in Resources */ = {isa = PBXBuildFile; fileRef = A547E2AF2AD52B36008EA635 /* lion.mp4 */; };
		A547E2BA2AD52B36008EA635 /* rhino.mp4 in Resources */ = {isa = PBXBuildFile; fileRef = A547E2B02AD52B36008EA635 /* rhino.mp4 */; };
		A547E2BC2AD530F4008EA635 /* LocationModel.swift in Sources */ = {isa = PBXBuildFile; fileRef = A547E2BB2AD530F4008EA635 /* LocationModel.swift */; };
		A547E2BE2AD53A14008EA635 /* AnnotationAnimationView.swift in Sources */ = {isa = PBXBuildFile; fileRef = A547E2BD2AD53A14008EA635 /* AnnotationAnimationView.swift */; };
		A547E2C02AD557B4008EA635 /* MotionAnimationView.swift in Sources */ = {isa = PBXBuildFile; fileRef = A547E2BF2AD557B4008EA635 /* MotionAnimationView.swift */; };
		A547E2C62AD562C0008EA635 /* Stickers.xcassets in Resources */ = {isa = PBXBuildFile; fileRef = A547E2C52AD562C0008EA635 /* Stickers.xcassets */; };
		A547E2CA2AD562C0008EA635 /* Stickers.appex in Embed Foundation Extensions */ = {isa = PBXBuildFile; fileRef = A547E2C32AD562BD008EA635 /* Stickers.appex */; settings = {ATTRIBUTES = (RemoveHeadersOnCopy, ); }; };
/* End PBXBuildFile section */

/* Begin PBXContainerItemProxy section */
		A547E2C82AD562C0008EA635 /* PBXContainerItemProxy */ = {
			isa = PBXContainerItemProxy;
			containerPortal = A547E24A2ACDAE2D008EA635 /* Project object */;
			proxyType = 1;
			remoteGlobalIDString = A547E2C22AD562BD008EA635;
			remoteInfo = Stickers;
		};
/* End PBXContainerItemProxy section */

/* Begin PBXCopyFilesBuildPhase section */
		A547E2CE2AD562C1008EA635 /* Embed Foundation Extensions */ = {
			isa = PBXCopyFilesBuildPhase;
			buildActionMask = 2147483647;
			dstPath = "";
			dstSubfolderSpec = 13;
			files = (
				A547E2CA2AD562C0008EA635 /* Stickers.appex in Embed Foundation Extensions */,
			);
			name = "Embed Foundation Extensions";
			runOnlyForDeploymentPostprocessing = 0;
		};
/* End PBXCopyFilesBuildPhase section */

/* Begin PBXFileReference section */
		A547E2522ACDAE2D008EA635 /* Africa.app */ = {isa = PBXFileReference; explicitFileType = wrapper.application; includeInIndex = 0; path = Africa.app; sourceTree = BUILT_PRODUCTS_DIR; };
		A547E2552ACDAE2D008EA635 /* AfricaApp.swift */ = {isa = PBXFileReference; lastKnownFileType = sourcecode.swift; path = AfricaApp.swift; sourceTree = "<group>"; };
		A547E2572ACDAE2D008EA635 /* ContentView.swift */ = {isa = PBXFileReference; lastKnownFileType = sourcecode.swift; path = ContentView.swift; sourceTree = "<group>"; };
		A547E2592ACDAE30008EA635 /* Assets.xcassets */ = {isa = PBXFileReference; lastKnownFileType = folder.assetcatalog; path = Assets.xcassets; sourceTree = "<group>"; };
		A547E25C2ACDAE30008EA635 /* Preview Assets.xcassets */ = {isa = PBXFileReference; lastKnownFileType = folder.assetcatalog; path = "Preview Assets.xcassets"; sourceTree = "<group>"; };
		A547E26F2ACDD854008EA635 /* covers.json */ = {isa = PBXFileReference; fileEncoding = 4; lastKnownFileType = text.json; path = covers.json; sourceTree = "<group>"; };
		A547E2702ACDD854008EA635 /* videos.json */ = {isa = PBXFileReference; fileEncoding = 4; lastKnownFileType = text.json; path = videos.json; sourceTree = "<group>"; };
		A547E2712ACDD854008EA635 /* animals.json */ = {isa = PBXFileReference; fileEncoding = 4; lastKnownFileType = text.json; path = animals.json; sourceTree = "<group>"; };
		A547E2722ACDD854008EA635 /* locations.json */ = {isa = PBXFileReference; fileEncoding = 4; lastKnownFileType = text.json; path = locations.json; sourceTree = "<group>"; };
		A547E2772ACDD985008EA635 /* Info.plist */ = {isa = PBXFileReference; lastKnownFileType = text.plist; path = Info.plist; sourceTree = "<group>"; };
		A547E27A2ACDDAD9008EA635 /* VideoListView.swift */ = {isa = PBXFileReference; lastKnownFileType = sourcecode.swift; path = VideoListView.swift; sourceTree = "<group>"; };
		A547E27C2ACDDAF8008EA635 /* MapView.swift */ = {isa = PBXFileReference; lastKnownFileType = sourcecode.swift; path = MapView.swift; sourceTree = "<group>"; };
		A547E27E2ACDDB13008EA635 /* GalleryView.swift */ = {isa = PBXFileReference; lastKnownFileType = sourcecode.swift; path = GalleryView.swift; sourceTree = "<group>"; };
		A547E2802ACDDB42008EA635 /* MainView.swift */ = {isa = PBXFileReference; lastKnownFileType = sourcecode.swift; path = MainView.swift; sourceTree = "<group>"; };
		A547E2832ACDDE27008EA635 /* CoverView.swift */ = {isa = PBXFileReference; lastKnownFileType = sourcecode.swift; path = CoverView.swift; sourceTree = "<group>"; };
		A547E2862ACDE1D7008EA635 /* CoverImageModel.swift */ = {isa = PBXFileReference; lastKnownFileType = sourcecode.swift; path = CoverImageModel.swift; sourceTree = "<group>"; };
		A547E2892ACDE33E008EA635 /* CodableBundelExtection.swift */ = {isa = PBXFileReference; lastKnownFileType = sourcecode.swift; path = CodableBundelExtection.swift; sourceTree = "<group>"; };
		A547E28B2ACDEC31008EA635 /* AnimalListView.swift */ = {isa = PBXFileReference; lastKnownFileType = sourcecode.swift; path = AnimalListView.swift; sourceTree = "<group>"; };
		A547E28D2ACFDFE5008EA635 /* AnimalListModel.swift */ = {isa = PBXFileReference; lastKnownFileType = sourcecode.swift; path = AnimalListModel.swift; sourceTree = "<group>"; };
		A547E28F2ACFF325008EA635 /* AnimalDetailView.swift */ = {isa = PBXFileReference; lastKnownFileType = sourcecode.swift; path = AnimalDetailView.swift; sourceTree = "<group>"; };
		A547E2912AD00732008EA635 /* HeadingView.swift */ = {isa = PBXFileReference; lastKnownFileType = sourcecode.swift; path = HeadingView.swift; sourceTree = "<group>"; };
		A547E2932AD00A77008EA635 /* ImageViewGallaryView.swift */ = {isa = PBXFileReference; lastKnownFileType = sourcecode.swift; path = ImageViewGallaryView.swift; sourceTree = "<group>"; };
		A547E2952AD058CA008EA635 /* InsetFactView.swift */ = {isa = PBXFileReference; lastKnownFileType = sourcecode.swift; path = InsetFactView.swift; sourceTree = "<group>"; };
		A547E2972AD05E0F008EA635 /* InsetMapView.swift */ = {isa = PBXFileReference; lastKnownFileType = sourcecode.swift; path = InsetMapView.swift; sourceTree = "<group>"; };
		A547E2992AD062D9008EA635 /* ExternalWebView.swift */ = {isa = PBXFileReference; lastKnownFileType = sourcecode.swift; path = ExternalWebView.swift; sourceTree = "<group>"; };
		A547E29D2AD3D4EA008EA635 /* Video.swift */ = {isa = PBXFileReference; lastKnownFileType = sourcecode.swift; path = Video.swift; sourceTree = "<group>"; };
		A547E29F2AD3D575008EA635 /* VideoListItem.swift */ = {isa = PBXFileReference; lastKnownFileType = sourcecode.swift; path = VideoListItem.swift; sourceTree = "<group>"; };
		A547E2A12AD3E0C6008EA635 /* VideoPlayerView.swift */ = {isa = PBXFileReference; lastKnownFileType = sourcecode.swift; path = VideoPlayerView.swift; sourceTree = "<group>"; };
		A547E2A42AD3E29B008EA635 /* VideoPlayerHelper.swift */ = {isa = PBXFileReference; lastKnownFileType = sourcecode.swift; path = VideoPlayerHelper.swift; sourceTree = "<group>"; };
		A547E2A72AD52B36008EA635 /* giraffe.mp4 */ = {isa = PBXFileReference; lastKnownFileType = file; path = giraffe.mp4; sourceTree = "<group>"; };
		A547E2A82AD52B36008EA635 /* ostrich.mp4 */ = {isa = PBXFileReference; lastKnownFileType = file; path = ostrich.mp4; sourceTree = "<group>"; };
		A547E2A92AD52B36008EA635 /* zebra.mp4 */ = {isa = PBXFileReference; lastKnownFileType = file; path = zebra.mp4; sourceTree = "<group>"; };
		A547E2AA2AD52B36008EA635 /* hippo.mp4 */ = {isa = PBXFileReference; lastKnownFileType = file; path = hippo.mp4; sourceTree = "<group>"; };
		A547E2AB2AD52B36008EA635 /* cheetah.mp4 */ = {isa = PBXFileReference; lastKnownFileType = file; path = cheetah.mp4; sourceTree = "<group>"; };
		A547E2AC2AD52B36008EA635 /* gorilla.mp4 */ = {isa = PBXFileReference; lastKnownFileType = file; path = gorilla.mp4; sourceTree = "<group>"; };
		A547E2AD2AD52B36008EA635 /* elephant.mp4 */ = {isa = PBXFileReference; lastKnownFileType = file; path = elephant.mp4; sourceTree = "<group>"; };
		A547E2AE2AD52B36008EA635 /* lioness.mp4 */ = {isa = PBXFileReference; lastKnownFileType = file; path = lioness.mp4; sourceTree = "<group>"; };
		A547E2AF2AD52B36008EA635 /* lion.mp4 */ = {isa = PBXFileReference; lastKnownFileType = file; path = lion.mp4; sourceTree = "<group>"; };
		A547E2B02AD52B36008EA635 /* rhino.mp4 */ = {isa = PBXFileReference; lastKnownFileType = file; path = rhino.mp4; sourceTree = "<group>"; };
		A547E2BB2AD530F4008EA635 /* LocationModel.swift */ = {isa = PBXFileReference; lastKnownFileType = sourcecode.swift; path = LocationModel.swift; sourceTree = "<group>"; };
		A547E2BD2AD53A14008EA635 /* AnnotationAnimationView.swift */ = {isa = PBXFileReference; lastKnownFileType = sourcecode.swift; path = AnnotationAnimationView.swift; sourceTree = "<group>"; };
		A547E2BF2AD557B4008EA635 /* MotionAnimationView.swift */ = {isa = PBXFileReference; lastKnownFileType = sourcecode.swift; path = MotionAnimationView.swift; sourceTree = "<group>"; };
		A547E2C32AD562BD008EA635 /* Stickers.appex */ = {isa = PBXFileReference; explicitFileType = "wrapper.app-extension"; includeInIndex = 0; path = Stickers.appex; sourceTree = BUILT_PRODUCTS_DIR; };
		A547E2C52AD562C0008EA635 /* Stickers.xcassets */ = {isa = PBXFileReference; lastKnownFileType = folder.assetcatalog; path = Stickers.xcassets; sourceTree = "<group>"; };
		A547E2C72AD562C0008EA635 /* Info.plist */ = {isa = PBXFileReference; lastKnownFileType = text.plist.xml; path = Info.plist; sourceTree = "<group>"; };
/* End PBXFileReference section */

/* Begin PBXFrameworksBuildPhase section */
		A547E24F2ACDAE2D008EA635 /* Frameworks */ = {
			isa = PBXFrameworksBuildPhase;
			buildActionMask = 2147483647;
			files = (
			);
			runOnlyForDeploymentPostprocessing = 0;
		};
/* End PBXFrameworksBuildPhase section */

/* Begin PBXGroup section */
		A547E2492ACDAE2D008EA635 = {
			isa = PBXGroup;
			children = (
				A547E2542ACDAE2D008EA635 /* Africa */,
				A547E2C42AD562BD008EA635 /* Stickers */,
				A547E2532ACDAE2D008EA635 /* Products */,
			);
			sourceTree = "<group>";
		};
		A547E2532ACDAE2D008EA635 /* Products */ = {
			isa = PBXGroup;
			children = (
				A547E2522ACDAE2D008EA635 /* Africa.app */,
				A547E2C32AD562BD008EA635 /* Stickers.appex */,
			);
			name = Products;
			sourceTree = "<group>";
		};
		A547E2542ACDAE2D008EA635 /* Africa */ = {
			isa = PBXGroup;
			children = (
				A547E2A62AD52B36008EA635 /* Video */,
				A547E2A32AD3E278008EA635 /* Helper */,
				A547E2882ACDE315008EA635 /* Extenction */,
				A547E2852ACDE1C0008EA635 /* Model */,
				A547E2822ACDDE16008EA635 /* View */,
				A547E2772ACDD985008EA635 /* Info.plist */,
				A547E26E2ACDD834008EA635 /* Data */,
				A547E2792ACDDA7F008EA635 /* App */,
				A547E2592ACDAE30008EA635 /* Assets.xcassets */,
				A547E25B2ACDAE30008EA635 /* Preview Content */,
			);
			path = Africa;
			sourceTree = "<group>";
		};
		A547E25B2ACDAE30008EA635 /* Preview Content */ = {
			isa = PBXGroup;
			children = (
				A547E25C2ACDAE30008EA635 /* Preview Assets.xcassets */,
			);
			path = "Preview Content";
			sourceTree = "<group>";
		};
		A547E26E2ACDD834008EA635 /* Data */ = {
			isa = PBXGroup;
			children = (
				A547E2712ACDD854008EA635 /* animals.json */,
				A547E26F2ACDD854008EA635 /* covers.json */,
				A547E2722ACDD854008EA635 /* locations.json */,
				A547E2702ACDD854008EA635 /* videos.json */,
			);
			path = Data;
			sourceTree = "<group>";
		};
		A547E2792ACDDA7F008EA635 /* App */ = {
			isa = PBXGroup;
			children = (
				A547E2552ACDAE2D008EA635 /* AfricaApp.swift */,
				A547E2572ACDAE2D008EA635 /* ContentView.swift */,
				A547E27A2ACDDAD9008EA635 /* VideoListView.swift */,
				A547E27C2ACDDAF8008EA635 /* MapView.swift */,
				A547E27E2ACDDB13008EA635 /* GalleryView.swift */,
				A547E2802ACDDB42008EA635 /* MainView.swift */,
			);
			path = App;
			sourceTree = "<group>";
		};
		A547E2822ACDDE16008EA635 /* View */ = {
			isa = PBXGroup;
			children = (
				A547E2832ACDDE27008EA635 /* CoverView.swift */,
				A547E28B2ACDEC31008EA635 /* AnimalListView.swift */,
				A547E28F2ACFF325008EA635 /* AnimalDetailView.swift */,
				A547E2932AD00A77008EA635 /* ImageViewGallaryView.swift */,
				A547E2912AD00732008EA635 /* HeadingView.swift */,
				A547E2952AD058CA008EA635 /* InsetFactView.swift */,
				A547E2972AD05E0F008EA635 /* InsetMapView.swift */,
				A547E2992AD062D9008EA635 /* ExternalWebView.swift */,
				A547E29F2AD3D575008EA635 /* VideoListItem.swift */,
				A547E2A12AD3E0C6008EA635 /* VideoPlayerView.swift */,
				A547E2BD2AD53A14008EA635 /* AnnotationAnimationView.swift */,
				A547E2BF2AD557B4008EA635 /* MotionAnimationView.swift */,
			);
			path = View;
			sourceTree = "<group>";
		};
		A547E2852ACDE1C0008EA635 /* Model */ = {
			isa = PBXGroup;
			children = (
				A547E2862ACDE1D7008EA635 /* CoverImageModel.swift */,
				A547E28D2ACFDFE5008EA635 /* AnimalListModel.swift */,
				A547E29D2AD3D4EA008EA635 /* Video.swift */,
				A547E2BB2AD530F4008EA635 /* LocationModel.swift */,
			);
			path = Model;
			sourceTree = "<group>";
		};
		A547E2882ACDE315008EA635 /* Extenction */ = {
			isa = PBXGroup;
			children = (
				A547E2892ACDE33E008EA635 /* CodableBundelExtection.swift */,
			);
			path = Extenction;
			sourceTree = "<group>";
		};
		A547E2A32AD3E278008EA635 /* Helper */ = {
			isa = PBXGroup;
			children = (
				A547E2A42AD3E29B008EA635 /* VideoPlayerHelper.swift */,
			);
			path = Helper;
			sourceTree = "<group>";
		};
		A547E2A62AD52B36008EA635 /* Video */ = {
			isa = PBXGroup;
			children = (
				A547E2A72AD52B36008EA635 /* giraffe.mp4 */,
				A547E2A82AD52B36008EA635 /* ostrich.mp4 */,
				A547E2A92AD52B36008EA635 /* zebra.mp4 */,
				A547E2AA2AD52B36008EA635 /* hippo.mp4 */,
				A547E2AB2AD52B36008EA635 /* cheetah.mp4 */,
				A547E2AC2AD52B36008EA635 /* gorilla.mp4 */,
				A547E2AD2AD52B36008EA635 /* elephant.mp4 */,
				A547E2AE2AD52B36008EA635 /* lioness.mp4 */,
				A547E2AF2AD52B36008EA635 /* lion.mp4 */,
				A547E2B02AD52B36008EA635 /* rhino.mp4 */,
			);
			path = Video;
			sourceTree = "<group>";
		};
		A547E2C42AD562BD008EA635 /* Stickers */ = {
			isa = PBXGroup;
			children = (
				A547E2C52AD562C0008EA635 /* Stickers.xcassets */,
				A547E2C72AD562C0008EA635 /* Info.plist */,
			);
			path = Stickers;
			sourceTree = "<group>";
		};
/* End PBXGroup section */

/* Begin PBXNativeTarget section */
		A547E2512ACDAE2D008EA635 /* Africa */ = {
			isa = PBXNativeTarget;
			buildConfigurationList = A547E2602ACDAE30008EA635 /* Build configuration list for PBXNativeTarget "Africa" */;
			buildPhases = (
				A547E24E2ACDAE2D008EA635 /* Sources */,
				A547E24F2ACDAE2D008EA635 /* Frameworks */,
				A547E2502ACDAE2D008EA635 /* Resources */,
				A547E2CE2AD562C1008EA635 /* Embed Foundation Extensions */,
			);
			buildRules = (
			);
			dependencies = (
				A547E2C92AD562C0008EA635 /* PBXTargetDependency */,
			);
			name = Africa;
			productName = Africa;
			productReference = A547E2522ACDAE2D008EA635 /* Africa.app */;
			productType = "com.apple.product-type.application";
		};
		A547E2C22AD562BD008EA635 /* Stickers */ = {
			isa = PBXNativeTarget;
			buildConfigurationList = A547E2CB2AD562C1008EA635 /* Build configuration list for PBXNativeTarget "Stickers" */;
			buildPhases = (
				A547E2C12AD562BD008EA635 /* Resources */,
			);
			buildRules = (
			);
			dependencies = (
			);
			name = Stickers;
			productName = Stickers;
			productReference = A547E2C32AD562BD008EA635 /* Stickers.appex */;
			productType = "com.apple.product-type.app-extension.messages-sticker-pack";
		};
/* End PBXNativeTarget section */

/* Begin PBXProject section */
		A547E24A2ACDAE2D008EA635 /* Project object */ = {
			isa = PBXProject;
			attributes = {
				BuildIndependentTargetsInParallel = 1;
				LastSwiftUpdateCheck = 1410;
				LastUpgradeCheck = 1410;
				TargetAttributes = {
					A547E2512ACDAE2D008EA635 = {
						CreatedOnToolsVersion = 14.1;
					};
					A547E2C22AD562BD008EA635 = {
						CreatedOnToolsVersion = 14.1;
					};
				};
			};
			buildConfigurationList = A547E24D2ACDAE2D008EA635 /* Build configuration list for PBXProject "Africa" */;
			compatibilityVersion = "Xcode 14.0";
			developmentRegion = en;
			hasScannedForEncodings = 0;
			knownRegions = (
				en,
				Base,
			);
			mainGroup = A547E2492ACDAE2D008EA635;
			productRefGroup = A547E2532ACDAE2D008EA635 /* Products */;
			projectDirPath = "";
			projectRoot = "";
			targets = (
				A547E2512ACDAE2D008EA635 /* Africa */,
				A547E2C22AD562BD008EA635 /* Stickers */,
			);
		};
/* End PBXProject section */

/* Begin PBXResourcesBuildPhase section */
		A547E2502ACDAE2D008EA635 /* Resources */ = {
			isa = PBXResourcesBuildPhase;
			buildActionMask = 2147483647;
			files = (
				A547E2B42AD52B36008EA635 /* hippo.mp4 in Resources */,
				A547E2752ACDD854008EA635 /* animals.json in Resources */,
				A547E25D2ACDAE30008EA635 /* Preview Assets.xcassets in Resources */,
				A547E2742ACDD854008EA635 /* videos.json in Resources */,
				A547E2B62AD52B36008EA635 /* gorilla.mp4 in Resources */,
				A547E2B82AD52B36008EA635 /* lioness.mp4 in Resources */,
				A547E2B72AD52B36008EA635 /* elephant.mp4 in Resources */,
				A547E2732ACDD854008EA635 /* covers.json in Resources */,
				A547E2BA2AD52B36008EA635 /* rhino.mp4 in Resources */,
				A547E2762ACDD854008EA635 /* locations.json in Resources */,
				A547E2B12AD52B36008EA635 /* giraffe.mp4 in Resources */,
				A547E2B22AD52B36008EA635 /* ostrich.mp4 in Resources */,
				A547E2B32AD52B36008EA635 /* zebra.mp4 in Resources */,
				A547E25A2ACDAE30008EA635 /* Assets.xcassets in Resources */,
				A547E2B92AD52B36008EA635 /* lion.mp4 in Resources */,
				A547E2B52AD52B36008EA635 /* cheetah.mp4 in Resources */,
			);
			runOnlyForDeploymentPostprocessing = 0;
		};
		A547E2C12AD562BD008EA635 /* Resources */ = {
			isa = PBXResourcesBuildPhase;
			buildActionMask = 2147483647;
			files = (
				A547E2C62AD562C0008EA635 /* Stickers.xcassets in Resources */,
			);
			runOnlyForDeploymentPostprocessing = 0;
		};
/* End PBXResourcesBuildPhase section */

/* Begin PBXSourcesBuildPhase section */
		A547E24E2ACDAE2D008EA635 /* Sources */ = {
			isa = PBXSourcesBuildPhase;
			buildActionMask = 2147483647;
			files = (
				A547E2BE2AD53A14008EA635 /* AnnotationAnimationView.swift in Sources */,
				A547E28C2ACDEC31008EA635 /* AnimalListView.swift in Sources */,
				A547E2582ACDAE2D008EA635 /* ContentView.swift in Sources */,
				A547E2842ACDDE27008EA635 /* CoverView.swift in Sources */,
				A547E2962AD058CA008EA635 /* InsetFactView.swift in Sources */,
				A547E2812ACDDB42008EA635 /* MainView.swift in Sources */,
				A547E2872ACDE1D7008EA635 /* CoverImageModel.swift in Sources */,
				A547E2902ACFF325008EA635 /* AnimalDetailView.swift in Sources */,
				A547E27D2ACDDAF8008EA635 /* MapView.swift in Sources */,
				A547E2562ACDAE2D008EA635 /* AfricaApp.swift in Sources */,
				A547E2982AD05E0F008EA635 /* InsetMapView.swift in Sources */,
				A547E2A52AD3E29C008EA635 /* VideoPlayerHelper.swift in Sources */,
				A547E27B2ACDDAD9008EA635 /* VideoListView.swift in Sources */,
				A547E28A2ACDE33E008EA635 /* CodableBundelExtection.swift in Sources */,
				A547E2942AD00A77008EA635 /* ImageViewGallaryView.swift in Sources */,
				A547E29E2AD3D4EA008EA635 /* Video.swift in Sources */,
				A547E28E2ACFDFE5008EA635 /* AnimalListModel.swift in Sources */,
				A547E2BC2AD530F4008EA635 /* LocationModel.swift in Sources */,
				A547E27F2ACDDB13008EA635 /* GalleryView.swift in Sources */,
				A547E2A02AD3D575008EA635 /* VideoListItem.swift in Sources */,
				A547E29A2AD062D9008EA635 /* ExternalWebView.swift in Sources */,
				A547E2C02AD557B4008EA635 /* MotionAnimationView.swift in Sources */,
				A547E2922AD00732008EA635 /* HeadingView.swift in Sources */,
				A547E2A22AD3E0C6008EA635 /* VideoPlayerView.swift in Sources */,
			);
			runOnlyForDeploymentPostprocessing = 0;
		};
/* End PBXSourcesBuildPhase section */

/* Begin PBXTargetDependency section */
		A547E2C92AD562C0008EA635 /* PBXTargetDependency */ = {
			isa = PBXTargetDependency;
			target = A547E2C22AD562BD008EA635 /* Stickers */;
			targetProxy = A547E2C82AD562C0008EA635 /* PBXContainerItemProxy */;
		};
/* End PBXTargetDependency section */

/* Begin XCBuildConfiguration section */
		A547E25E2ACDAE30008EA635 /* Debug */ = {
			isa = XCBuildConfiguration;
			buildSettings = {
				ALWAYS_SEARCH_USER_PATHS = NO;
				CLANG_ANALYZER_NONNULL = YES;
				CLANG_ANALYZER_NUMBER_OBJECT_CONVERSION = YES_AGGRESSIVE;
				CLANG_CXX_LANGUAGE_STANDARD = "gnu++20";
				CLANG_ENABLE_MODULES = YES;
				CLANG_ENABLE_OBJC_ARC = YES;
				CLANG_ENABLE_OBJC_WEAK = YES;
				CLANG_WARN_BLOCK_CAPTURE_AUTORELEASING = YES;
				CLANG_WARN_BOOL_CONVERSION = YES;
				CLANG_WARN_COMMA = YES;
				CLANG_WARN_CONSTANT_CONVERSION = YES;
				CLANG_WARN_DEPRECATED_OBJC_IMPLEMENTATIONS = YES;
				CLANG_WARN_DIRECT_OBJC_ISA_USAGE = YES_ERROR;
				CLANG_WARN_DOCUMENTATION_COMMENTS = YES;
				CLANG_WARN_EMPTY_BODY = YES;
				CLANG_WARN_ENUM_CONVERSION = YES;
				CLANG_WARN_INFINITE_RECURSION = YES;
				CLANG_WARN_INT_CONVERSION = YES;
				CLANG_WARN_NON_LITERAL_NULL_CONVERSION = YES;
				CLANG_WARN_OBJC_IMPLICIT_RETAIN_SELF = YES;
				CLANG_WARN_OBJC_LITERAL_CONVERSION = YES;
				CLANG_WARN_OBJC_ROOT_CLASS = YES_ERROR;
				CLANG_WARN_QUOTED_INCLUDE_IN_FRAMEWORK_HEADER = YES;
				CLANG_WARN_RANGE_LOOP_ANALYSIS = YES;
				CLANG_WARN_STRICT_PROTOTYPES = YES;
				CLANG_WARN_SUSPICIOUS_MOVE = YES;
				CLANG_WARN_UNGUARDED_AVAILABILITY = YES_AGGRESSIVE;
				CLANG_WARN_UNREACHABLE_CODE = YES;
				CLANG_WARN__DUPLICATE_METHOD_MATCH = YES;
				COPY_PHASE_STRIP = NO;
				DEBUG_INFORMATION_FORMAT = dwarf;
				ENABLE_STRICT_OBJC_MSGSEND = YES;
				ENABLE_TESTABILITY = YES;
				GCC_C_LANGUAGE_STANDARD = gnu11;
				GCC_DYNAMIC_NO_PIC = NO;
				GCC_NO_COMMON_BLOCKS = YES;
				GCC_OPTIMIZATION_LEVEL = 0;
				GCC_PREPROCESSOR_DEFINITIONS = (
					"DEBUG=1",
					"$(inherited)",
				);
				GCC_WARN_64_TO_32_BIT_CONVERSION = YES;
				GCC_WARN_ABOUT_RETURN_TYPE = YES_ERROR;
				GCC_WARN_UNDECLARED_SELECTOR = YES;
				GCC_WARN_UNINITIALIZED_AUTOS = YES_AGGRESSIVE;
				GCC_WARN_UNUSED_FUNCTION = YES;
				GCC_WARN_UNUSED_VARIABLE = YES;
				IPHONEOS_DEPLOYMENT_TARGET = 16.1;
				MTL_ENABLE_DEBUG_INFO = INCLUDE_SOURCE;
				MTL_FAST_MATH = YES;
				ONLY_ACTIVE_ARCH = YES;
				SDKROOT = iphoneos;
				SWIFT_ACTIVE_COMPILATION_CONDITIONS = DEBUG;
				SWIFT_OPTIMIZATION_LEVEL = "-Onone";
			};
			name = Debug;
		};
		A547E25F2ACDAE30008EA635 /* Release */ = {
			isa = XCBuildConfiguration;
			buildSettings = {
				ALWAYS_SEARCH_USER_PATHS = NO;
				CLANG_ANALYZER_NONNULL = YES;
				CLANG_ANALYZER_NUMBER_OBJECT_CONVERSION = YES_AGGRESSIVE;
				CLANG_CXX_LANGUAGE_STANDARD = "gnu++20";
				CLANG_ENABLE_MODULES = YES;
				CLANG_ENABLE_OBJC_ARC = YES;
				CLANG_ENABLE_OBJC_WEAK = YES;
				CLANG_WARN_BLOCK_CAPTURE_AUTORELEASING = YES;
				CLANG_WARN_BOOL_CONVERSION = YES;
				CLANG_WARN_COMMA = YES;
				CLANG_WARN_CONSTANT_CONVERSION = YES;
				CLANG_WARN_DEPRECATED_OBJC_IMPLEMENTATIONS = YES;
				CLANG_WARN_DIRECT_OBJC_ISA_USAGE = YES_ERROR;
				CLANG_WARN_DOCUMENTATION_COMMENTS = YES;
				CLANG_WARN_EMPTY_BODY = YES;
				CLANG_WARN_ENUM_CONVERSION = YES;
				CLANG_WARN_INFINITE_RECURSION = YES;
				CLANG_WARN_INT_CONVERSION = YES;
				CLANG_WARN_NON_LITERAL_NULL_CONVERSION = YES;
				CLANG_WARN_OBJC_IMPLICIT_RETAIN_SELF = YES;
				CLANG_WARN_OBJC_LITERAL_CONVERSION = YES;
				CLANG_WARN_OBJC_ROOT_CLASS = YES_ERROR;
				CLANG_WARN_QUOTED_INCLUDE_IN_FRAMEWORK_HEADER = YES;
				CLANG_WARN_RANGE_LOOP_ANALYSIS = YES;
				CLANG_WARN_STRICT_PROTOTYPES = YES;
				CLANG_WARN_SUSPICIOUS_MOVE = YES;
				CLANG_WARN_UNGUARDED_AVAILABILITY = YES_AGGRESSIVE;
				CLANG_WARN_UNREACHABLE_CODE = YES;
				CLANG_WARN__DUPLICATE_METHOD_MATCH = YES;
				COPY_PHASE_STRIP = NO;
				DEBUG_INFORMATION_FORMAT = "dwarf-with-dsym";
				ENABLE_NS_ASSERTIONS = NO;
				ENABLE_STRICT_OBJC_MSGSEND = YES;
				GCC_C_LANGUAGE_STANDARD = gnu11;
				GCC_NO_COMMON_BLOCKS = YES;
				GCC_WARN_64_TO_32_BIT_CONVERSION = YES;
				GCC_WARN_ABOUT_RETURN_TYPE = YES_ERROR;
				GCC_WARN_UNDECLARED_SELECTOR = YES;
				GCC_WARN_UNINITIALIZED_AUTOS = YES_AGGRESSIVE;
				GCC_WARN_UNUSED_FUNCTION = YES;
				GCC_WARN_UNUSED_VARIABLE = YES;
				IPHONEOS_DEPLOYMENT_TARGET = 16.1;
				MTL_ENABLE_DEBUG_INFO = NO;
				MTL_FAST_MATH = YES;
				SDKROOT = iphoneos;
				SWIFT_COMPILATION_MODE = wholemodule;
				SWIFT_OPTIMIZATION_LEVEL = "-O";
				VALIDATE_PRODUCT = YES;
			};
			name = Release;
		};
		A547E2612ACDAE30008EA635 /* Debug */ = {
			isa = XCBuildConfiguration;
			buildSettings = {
				ASSETCATALOG_COMPILER_APPICON_NAME = AppIcon;
				ASSETCATALOG_COMPILER_GLOBAL_ACCENT_COLOR_NAME = AccentColor;
				CODE_SIGN_STYLE = Automatic;
				CURRENT_PROJECT_VERSION = 1;
				DEVELOPMENT_ASSET_PATHS = "\"Africa/Preview Content\"";
				DEVELOPMENT_TEAM = 4P6A579735;
				ENABLE_PREVIEWS = YES;
				GENERATE_INFOPLIST_FILE = YES;
				INFOPLIST_FILE = Africa/Info.plist;
				INFOPLIST_KEY_UIApplicationSceneManifest_Generation = YES;
				INFOPLIST_KEY_UIApplicationSupportsIndirectInputEvents = YES;
				INFOPLIST_KEY_UISupportedInterfaceOrientations_iPad = "UIInterfaceOrientationPortrait UIInterfaceOrientationPortraitUpsideDown UIInterfaceOrientationLandscapeLeft UIInterfaceOrientationLandscapeRight";
				INFOPLIST_KEY_UISupportedInterfaceOrientations_iPhone = "UIInterfaceOrientationPortrait UIInterfaceOrientationLandscapeLeft UIInterfaceOrientationLandscapeRight";
				INFOPLIST_KEY_UIUserInterfaceStyle = Dark;
				IPHONEOS_DEPLOYMENT_TARGET = 14.0;
				LD_RUNPATH_SEARCH_PATHS = (
					"$(inherited)",
					"@executable_path/Frameworks",
				);
				MARKETING_VERSION = 1.0;
				PRODUCT_BUNDLE_IDENTIFIER = Ram.B.Africa;
				PRODUCT_NAME = "$(TARGET_NAME)";
				SWIFT_EMIT_LOC_STRINGS = YES;
				SWIFT_VERSION = 5.0;
				TARGETED_DEVICE_FAMILY = "1,2";
			};
			name = Debug;
		};
		A547E2622ACDAE30008EA635 /* Release */ = {
			isa = XCBuildConfiguration;
			buildSettings = {
				ASSETCATALOG_COMPILER_APPICON_NAME = AppIcon;
				ASSETCATALOG_COMPILER_GLOBAL_ACCENT_COLOR_NAME = AccentColor;
				CODE_SIGN_STYLE = Automatic;
				CURRENT_PROJECT_VERSION = 1;
				DEVELOPMENT_ASSET_PATHS = "\"Africa/Preview Content\"";
				DEVELOPMENT_TEAM = 4P6A579735;
				ENABLE_PREVIEWS = YES;
				GENERATE_INFOPLIST_FILE = YES;
				INFOPLIST_FILE = Africa/Info.plist;
				INFOPLIST_KEY_UIApplicationSceneManifest_Generation = YES;
				INFOPLIST_KEY_UIApplicationSupportsIndirectInputEvents = YES;
				INFOPLIST_KEY_UISupportedInterfaceOrientations_iPad = "UIInterfaceOrientationPortrait UIInterfaceOrientationPortraitUpsideDown UIInterfaceOrientationLandscapeLeft UIInterfaceOrientationLandscapeRight";
				INFOPLIST_KEY_UISupportedInterfaceOrientations_iPhone = "UIInterfaceOrientationPortrait UIInterfaceOrientationLandscapeLeft UIInterfaceOrientationLandscapeRight";
				INFOPLIST_KEY_UIUserInterfaceStyle = Dark;
				IPHONEOS_DEPLOYMENT_TARGET = 14.0;
				LD_RUNPATH_SEARCH_PATHS = (
					"$(inherited)",
					"@executable_path/Frameworks",
				);
				MARKETING_VERSION = 1.0;
				PRODUCT_BUNDLE_IDENTIFIER = Ram.B.Africa;
				PRODUCT_NAME = "$(TARGET_NAME)";
				SWIFT_EMIT_LOC_STRINGS = YES;
				SWIFT_VERSION = 5.0;
				TARGETED_DEVICE_FAMILY = "1,2";
			};
			name = Release;
		};
		A547E2CC2AD562C1008EA635 /* Debug */ = {
			isa = XCBuildConfiguration;
			buildSettings = {
				ASSETCATALOG_COMPILER_APPICON_NAME = "iMessage App Icon";
				CODE_SIGN_STYLE = Automatic;
				CURRENT_PROJECT_VERSION = 1;
				DEVELOPMENT_TEAM = 4P6A579735;
				GENERATE_INFOPLIST_FILE = YES;
				INFOPLIST_FILE = Stickers/Info.plist;
				INFOPLIST_KEY_CFBundleDisplayName = Africa;
				MARKETING_VERSION = 1.0;
				PRODUCT_BUNDLE_IDENTIFIER = Ram.B.Africa.Stickers;
				PRODUCT_NAME = "$(TARGET_NAME)";
				SKIP_INSTALL = YES;
				SWIFT_EMIT_LOC_STRINGS = YES;
				TARGETED_DEVICE_FAMILY = "1,2";
			};
			name = Debug;
		};
		A547E2CD2AD562C1008EA635 /* Release */ = {
			isa = XCBuildConfiguration;
			buildSettings = {
				ASSETCATALOG_COMPILER_APPICON_NAME = "iMessage App Icon";
				CODE_SIGN_STYLE = Automatic;
				CURRENT_PROJECT_VERSION = 1;
				DEVELOPMENT_TEAM = 4P6A579735;
				GENERATE_INFOPLIST_FILE = YES;
				INFOPLIST_FILE = Stickers/Info.plist;
				INFOPLIST_KEY_CFBundleDisplayName = Africa;
				MARKETING_VERSION = 1.0;
				PRODUCT_BUNDLE_IDENTIFIER = Ram.B.Africa.Stickers;
				PRODUCT_NAME = "$(TARGET_NAME)";
				SKIP_INSTALL = YES;
				SWIFT_EMIT_LOC_STRINGS = YES;
				TARGETED_DEVICE_FAMILY = "1,2";
			};
			name = Release;
		};
/* End XCBuildConfiguration section */

/* Begin XCConfigurationList section */
		A547E24D2ACDAE2D008EA635 /* Build configuration list for PBXProject "Africa" */ = {
			isa = XCConfigurationList;
			buildConfigurations = (
				A547E25E2ACDAE30008EA635 /* Debug */,
				A547E25F2ACDAE30008EA635 /* Release */,
			);
			defaultConfigurationIsVisible = 0;
			defaultConfigurationName = Release;
		};
		A547E2602ACDAE30008EA635 /* Build configuration list for PBXNativeTarget "Africa" */ = {
			isa = XCConfigurationList;
			buildConfigurations = (
				A547E2612ACDAE30008EA635 /* Debug */,
				A547E2622ACDAE30008EA635 /* Release */,
			);
			defaultConfigurationIsVisible = 0;
			defaultConfigurationName = Release;
		};
		A547E2CB2AD562C1008EA635 /* Build configuration list for PBXNativeTarget "Stickers" */ = {
			isa = XCConfigurationList;
			buildConfigurations = (
				A547E2CC2AD562C1008EA635 /* Debug */,
				A547E2CD2AD562C1008EA635 /* Release */,
			);
			defaultConfigurationIsVisible = 0;
			defaultConfigurationName = Release;
		};
/* End XCConfigurationList section */
	};
	rootObject = A547E24A2ACDAE2D008EA635 /* Project object */;
}
